Microsoft Visual Studio Solution File, Format Version 12.00
# Visual Studio Version 17
VisualStudioVersion = 17.5.2.0
MinimumVisualStudioVersion = 10.0.40219.1
Project("{FAE04EC0-301F-11D3-BF4B-00C04F79EFBC}") = "files-storage.Tests", "files-storage.Tests.csproj", "{64C92919-9D3B-A90E-51A8-7544A218FB2E}"
EndProject
Global
	GlobalSection(SolutionConfigurationPlatforms) = preSolution
		Debug|Any CPU = Debug|Any CPU
		Release|Any CPU = Release|Any CPU
	EndGlobalSection
	GlobalSection(ProjectConfigurationPlatforms) = postSolution
		{64C92919-9D3B-A90E-51A8-7544A218FB2E}.Debug|Any CPU.ActiveCfg = Debug|Any CPU
		{64C92919-9D3B-A90E-51A8-7544A218FB2E}.Debug|Any CPU.Build.0 = Debug|Any CPU
		{64C92919-9D3B-A90E-51A8-7544A218FB2E}.Release|Any CPU.ActiveCfg = Release|Any CPU
		{64C92919-9D3B-A90E-51A8-7544A218FB2E}.Release|Any CPU.Build.0 = Release|Any CPU
	EndGlobalSection
	GlobalSection(SolutionProperties) = preSolution
		HideSolutionNode = FALSE
	EndGlobalSection
	GlobalSection(ExtensibilityGlobals) = postSolution
		SolutionGuid = {23E496AF-D9D9-4E07-9993-EB6A7FD3DBD5}
	EndGlobalSection
EndGlobal
